
Microsoft Visual Studio Solution File, Format Version 12.00
# Visual Studio Version 17
VisualStudioVersion = 17.3.32929.385
MinimumVisualStudioVersion = 10.0.40219.1
Project("{9A19103F-16F7-4668-BE54-9A1E7A4F7556}") = "MyFirstWindowsApplication", "MyFirstWindowsApplication\MyFirstWindowsApplication.csproj", "{2BC0921B-8567-4AF1-9C36-A6E21963A4A5}"
EndProject
Project("{2150E333-8FDC-42A3-9474-1A3956D46DE8}") = "Элементы решения", "Элементы решения", "{D8462532-E9D1-4D7F-A0AB-887C9BFF1FC9}"
	ProjectSection(SolutionItems) = preProject
		MyFirstWindowsApplication\images\close_icon.png = MyFirstWindowsApplication\images\close_icon.png
	EndProjectSection
EndProject
Global
	GlobalSection(SolutionConfigurationPlatforms) = preSolution
		Debug|Any CPU = Debug|Any CPU
		Release|Any CPU = Release|Any CPU
	EndGlobalSection
	GlobalSection(ProjectConfigurationPlatforms) = postSolution
		{2BC0921B-8567-4AF1-9C36-A6E21963A4A5}.Debug|Any CPU.ActiveCfg = Debug|Any CPU
		{2BC0921B-8567-4AF1-9C36-A6E21963A4A5}.Debug|Any CPU.Build.0 = Debug|Any CPU
		{2BC0921B-8567-4AF1-9C36-A6E21963A4A5}.Release|Any CPU.ActiveCfg = Release|Any CPU
		{2BC0921B-8567-4AF1-9C36-A6E21963A4A5}.Release|Any CPU.Build.0 = Release|Any CPU
	EndGlobalSection
	GlobalSection(SolutionProperties) = preSolution
		HideSolutionNode = FALSE
	EndGlobalSection
	GlobalSection(ExtensibilityGlobals) = postSolution
		SolutionGuid = {FC2B21AC-6149-4CF9-B48D-BD51F4992FC0}
	EndGlobalSection
EndGlobal
